// !$*UTF8*$!
{
	archiveVersion = 1;
	classes = {
	};
	objectVersion = 48;
	objects = {

/* Begin PBXBuildFile section */
		3074724C1FB7194000EF91A6 /* AppDelegate.swift in Sources */ = {isa = PBXBuildFile; fileRef = 3074724B1FB7194000EF91A6 /* AppDelegate.swift */; };
		3074724E1FB7194000EF91A6 /* GameScene.sks in Resources */ = {isa = PBXBuildFile; fileRef = 3074724D1FB7194000EF91A6 /* GameScene.sks */; };
		307472501FB7194000EF91A6 /* Actions.sks in Resources */ = {isa = PBXBuildFile; fileRef = 3074724F1FB7194000EF91A6 /* Actions.sks */; };
		307472521FB7194000EF91A6 /* GameScene.swift in Sources */ = {isa = PBXBuildFile; fileRef = 307472511FB7194000EF91A6 /* GameScene.swift */; };
		307472541FB7194000EF91A6 /* GameViewController.swift in Sources */ = {isa = PBXBuildFile; fileRef = 307472531FB7194000EF91A6 /* GameViewController.swift */; };
		307472571FB7194000EF91A6 /* Main.storyboard in Resources */ = {isa = PBXBuildFile; fileRef = 307472551FB7194000EF91A6 /* Main.storyboard */; };
		307472591FB7194000EF91A6 /* Assets.xcassets in Resources */ = {isa = PBXBuildFile; fileRef = 307472581FB7194000EF91A6 /* Assets.xcassets */; };
		3074725C1FB7194000EF91A6 /* LaunchScreen.storyboard in Resources */ = {isa = PBXBuildFile; fileRef = 3074725A1FB7194000EF91A6 /* LaunchScreen.storyboard */; };
		307472691FB71FBD00EF91A6 /* menuSuondTrack.mp3 in Resources */ = {isa = PBXBuildFile; fileRef = 307472641FB71FBC00EF91A6 /* menuSuondTrack.mp3 */; };
		3074726A1FB71FBD00EF91A6 /* explosion.wav in Resources */ = {isa = PBXBuildFile; fileRef = 307472651FB71FBC00EF91A6 /* explosion.wav */; };
		3074726B1FB71FBD00EF91A6 /* lose.wav in Resources */ = {isa = PBXBuildFile; fileRef = 307472661FB71FBC00EF91A6 /* lose.wav */; };
		3074726C1FB71FBD00EF91A6 /* gameSoundTrack.mp3 in Resources */ = {isa = PBXBuildFile; fileRef = 307472671FB71FBC00EF91A6 /* gameSoundTrack.mp3 */; };
		3074726D1FB71FBD00EF91A6 /* torpedo.wav in Resources */ = {isa = PBXBuildFile; fileRef = 307472681FB71FBC00EF91A6 /* torpedo.wav */; };
		D1C100661FB8275900AEA09B /* GameOverScene.swift in Sources */ = {isa = PBXBuildFile; fileRef = D1C100651FB8275900AEA09B /* GameOverScene.swift */; };
		F97425251FB7BBB500FAC7B0 /* Starjout.ttf in Resources */ = {isa = PBXBuildFile; fileRef = F97425241FB7BBB500FAC7B0 /* Starjout.ttf */; };
/* End PBXBuildFile section */

/* Begin PBXFileReference section */
		307472481FB7194000EF91A6 /* Galaxy Destroyer.app */ = {isa = PBXFileReference; explicitFileType = wrapper.application; includeInIndex = 0; path = "Galaxy Destroyer.app"; sourceTree = BUILT_PRODUCTS_DIR; };
		3074724B1FB7194000EF91A6 /* AppDelegate.swift */ = {isa = PBXFileReference; lastKnownFileType = sourcecode.swift; path = AppDelegate.swift; sourceTree = "<group>"; };
		3074724D1FB7194000EF91A6 /* GameScene.sks */ = {isa = PBXFileReference; lastKnownFileType = file.sks; path = GameScene.sks; sourceTree = "<group>"; };
		3074724F1FB7194000EF91A6 /* Actions.sks */ = {isa = PBXFileReference; lastKnownFileType = file.sks; path = Actions.sks; sourceTree = "<group>"; };
		307472511FB7194000EF91A6 /* GameScene.swift */ = {isa = PBXFileReference; lastKnownFileType = sourcecode.swift; path = GameScene.swift; sourceTree = "<group>"; };
		307472531FB7194000EF91A6 /* GameViewController.swift */ = {isa = PBXFileReference; lastKnownFileType = sourcecode.swift; path = GameViewController.swift; sourceTree = "<group>"; };
		307472561FB7194000EF91A6 /* Base */ = {isa = PBXFileReference; lastKnownFileType = file.storyboard; name = Base; path = Base.lproj/Main.storyboard; sourceTree = "<group>"; };
		307472581FB7194000EF91A6 /* Assets.xcassets */ = {isa = PBXFileReference; lastKnownFileType = folder.assetcatalog; path = Assets.xcassets; sourceTree = "<group>"; };
		3074725B1FB7194000EF91A6 /* Base */ = {isa = PBXFileReference; lastKnownFileType = file.storyboard; name = Base; path = Base.lproj/LaunchScreen.storyboard; sourceTree = "<group>"; };
		3074725D1FB7194000EF91A6 /* Info.plist */ = {isa = PBXFileReference; lastKnownFileType = text.plist.xml; path = Info.plist; sourceTree = "<group>"; };
		307472641FB71FBC00EF91A6 /* menuSuondTrack.mp3 */ = {isa = PBXFileReference; lastKnownFileType = audio.mp3; path = menuSuondTrack.mp3; sourceTree = "<group>"; };
		307472651FB71FBC00EF91A6 /* explosion.wav */ = {isa = PBXFileReference; lastKnownFileType = audio.wav; path = explosion.wav; sourceTree = "<group>"; };
		307472661FB71FBC00EF91A6 /* lose.wav */ = {isa = PBXFileReference; lastKnownFileType = audio.wav; path = lose.wav; sourceTree = "<group>"; };
		307472671FB71FBC00EF91A6 /* gameSoundTrack.mp3 */ = {isa = PBXFileReference; lastKnownFileType = audio.mp3; path = gameSoundTrack.mp3; sourceTree = "<group>"; };
		307472681FB71FBC00EF91A6 /* torpedo.wav */ = {isa = PBXFileReference; lastKnownFileType = audio.wav; path = torpedo.wav; sourceTree = "<group>"; };
		D1C100651FB8275900AEA09B /* GameOverScene.swift */ = {isa = PBXFileReference; lastKnownFileType = sourcecode.swift; path = GameOverScene.swift; sourceTree = "<group>"; };
		F97425241FB7BBB500FAC7B0 /* Starjout.ttf */ = {isa = PBXFileReference; lastKnownFileType = file; path = Starjout.ttf; sourceTree = "<group>"; };
/* End PBXFileReference section */

/* Begin PBXFrameworksBuildPhase section */
		307472451FB7194000EF91A6 /* Frameworks */ = {
			isa = PBXFrameworksBuildPhase;
			buildActionMask = 2147483647;
			files = (
			);
			runOnlyForDeploymentPostprocessing = 0;
		};
/* End PBXFrameworksBuildPhase section */

/* Begin PBXGroup section */
		3074723F1FB7193F00EF91A6 = {
			isa = PBXGroup;
			children = (
				3074724A1FB7194000EF91A6 /* Galaxy Destroyer */,
				307472491FB7194000EF91A6 /* Products */,
			);
			sourceTree = "<group>";
		};
		307472491FB7194000EF91A6 /* Products */ = {
			isa = PBXGroup;
			children = (
				307472481FB7194000EF91A6 /* Galaxy Destroyer.app */,
			);
			name = Products;
			sourceTree = "<group>";
		};
		3074724A1FB7194000EF91A6 /* Galaxy Destroyer */ = {
			isa = PBXGroup;
			children = (
				F97425231FB7BB6F00FAC7B0 /* Fonts */,
				307472631FB71FAF00EF91A6 /* Sounds */,
				3074724B1FB7194000EF91A6 /* AppDelegate.swift */,
				3074724D1FB7194000EF91A6 /* GameScene.sks */,
				D1C100651FB8275900AEA09B /* GameOverScene.swift */,
				3074724F1FB7194000EF91A6 /* Actions.sks */,
				307472511FB7194000EF91A6 /* GameScene.swift */,
				307472531FB7194000EF91A6 /* GameViewController.swift */,
				307472551FB7194000EF91A6 /* Main.storyboard */,
				307472581FB7194000EF91A6 /* Assets.xcassets */,
				3074725A1FB7194000EF91A6 /* LaunchScreen.storyboard */,
				3074725D1FB7194000EF91A6 /* Info.plist */,
			);
			path = "Galaxy Destroyer";
			sourceTree = "<group>";
		};
		307472631FB71FAF00EF91A6 /* Sounds */ = {
			isa = PBXGroup;
			children = (
				307472651FB71FBC00EF91A6 /* explosion.wav */,
				307472671FB71FBC00EF91A6 /* gameSoundTrack.mp3 */,
				307472661FB71FBC00EF91A6 /* lose.wav */,
				307472641FB71FBC00EF91A6 /* menuSuondTrack.mp3 */,
				307472681FB71FBC00EF91A6 /* torpedo.wav */,
			);
			path = Sounds;
			sourceTree = "<group>";
		};
		F97425231FB7BB6F00FAC7B0 /* Fonts */ = {
			isa = PBXGroup;
			children = (
				F97425241FB7BBB500FAC7B0 /* Starjout.ttf */,
			);
			path = Fonts;
			sourceTree = "<group>";
		};
/* End PBXGroup section */

/* Begin PBXNativeTarget section */
		307472471FB7194000EF91A6 /* Galaxy Destroyer */ = {
			isa = PBXNativeTarget;
			buildConfigurationList = 307472601FB7194000EF91A6 /* Build configuration list for PBXNativeTarget "Galaxy Destroyer" */;
			buildPhases = (
				307472441FB7194000EF91A6 /* Sources */,
				307472451FB7194000EF91A6 /* Frameworks */,
				307472461FB7194000EF91A6 /* Resources */,
			);
			buildRules = (
			);
			dependencies = (
			);
			name = "Galaxy Destroyer";
			productName = "Galaxy Destroyer";
			productReference = 307472481FB7194000EF91A6 /* Galaxy Destroyer.app */;
			productType = "com.apple.product-type.application";
		};
/* End PBXNativeTarget section */

/* Begin PBXProject section */
		307472401FB7194000EF91A6 /* Project object */ = {
			isa = PBXProject;
			attributes = {
				LastSwiftUpdateCheck = 0910;
				LastUpgradeCheck = 0910;
				ORGANIZATIONNAME = "GoiOS#4";
				TargetAttributes = {
					307472471FB7194000EF91A6 = {
						CreatedOnToolsVersion = 9.1;
						ProvisioningStyle = Automatic;
					};
				};
			};
			buildConfigurationList = 307472431FB7194000EF91A6 /* Build configuration list for PBXProject "Galaxy Destroyer" */;
			compatibilityVersion = "Xcode 8.0";
			developmentRegion = en;
			hasScannedForEncodings = 0;
			knownRegions = (
				en,
				Base,
			);
			mainGroup = 3074723F1FB7193F00EF91A6;
			productRefGroup = 307472491FB7194000EF91A6 /* Products */;
			projectDirPath = "";
			projectRoot = "";
			targets = (
				307472471FB7194000EF91A6 /* Galaxy Destroyer */,
			);
		};
/* End PBXProject section */

/* Begin PBXResourcesBuildPhase section */
		307472461FB7194000EF91A6 /* Resources */ = {
			isa = PBXResourcesBuildPhase;
			buildActionMask = 2147483647;
			files = (
				307472571FB7194000EF91A6 /* Main.storyboard in Resources */,
				307472691FB71FBD00EF91A6 /* menuSuondTrack.mp3 in Resources */,
				3074726C1FB71FBD00EF91A6 /* gameSoundTrack.mp3 in Resources */,
				F97425251FB7BBB500FAC7B0 /* Starjout.ttf in Resources */,
				3074726A1FB71FBD00EF91A6 /* explosion.wav in Resources */,
				3074724E1FB7194000EF91A6 /* GameScene.sks in Resources */,
				307472591FB7194000EF91A6 /* Assets.xcassets in Resources */,
				3074725C1FB7194000EF91A6 /* LaunchScreen.storyboard in Resources */,
				307472501FB7194000EF91A6 /* Actions.sks in Resources */,
				3074726D1FB71FBD00EF91A6 /* torpedo.wav in Resources */,
				3074726B1FB71FBD00EF91A6 /* lose.wav in Resources */,
			);
			runOnlyForDeploymentPostprocessing = 0;
		};
/* End PBXResourcesBuildPhase section */

/* Begin PBXSourcesBuildPhase section */
		307472441FB7194000EF91A6 /* Sources */ = {
			isa = PBXSourcesBuildPhase;
			buildActionMask = 2147483647;
			files = (
				307472521FB7194000EF91A6 /* GameScene.swift in Sources */,
				307472541FB7194000EF91A6 /* GameViewController.swift in Sources */,
				D1C100661FB8275900AEA09B /* GameOverScene.swift in Sources */,
				3074724C1FB7194000EF91A6 /* AppDelegate.swift in Sources */,
			);
			runOnlyForDeploymentPostprocessing = 0;
		};
/* End PBXSourcesBuildPhase section */

/* Begin PBXVariantGroup section */
		307472551FB7194000EF91A6 /* Main.storyboard */ = {
			isa = PBXVariantGroup;
			children = (
				307472561FB7194000EF91A6 /* Base */,
			);
			name = Main.storyboard;
			sourceTree = "<group>";
		};
		3074725A1FB7194000EF91A6 /* LaunchScreen.storyboard */ = {
			isa = PBXVariantGroup;
			children = (
				3074725B1FB7194000EF91A6 /* Base */,
			);
			name = LaunchScreen.storyboard;
			sourceTree = "<group>";
		};
/* End PBXVariantGroup section */

/* Begin XCBuildConfiguration section */
		3074725E1FB7194000EF91A6 /* Debug */ = {
			isa = XCBuildConfiguration;
			buildSettings = {
				ALWAYS_SEARCH_USER_PATHS = NO;
				CLANG_ANALYZER_NONNULL = YES;
				CLANG_ANALYZER_NUMBER_OBJECT_CONVERSION = YES_AGGRESSIVE;
				CLANG_CXX_LANGUAGE_STANDARD = "gnu++14";
				CLANG_CXX_LIBRARY = "libc++";
				CLANG_ENABLE_MODULES = YES;
				CLANG_ENABLE_OBJC_ARC = YES;
				CLANG_WARN_BLOCK_CAPTURE_AUTORELEASING = YES;
				CLANG_WARN_BOOL_CONVERSION = YES;
				CLANG_WARN_COMMA = YES;
				CLANG_WARN_CONSTANT_CONVERSION = YES;
				CLANG_WARN_DIRECT_OBJC_ISA_USAGE = YES_ERROR;
				CLANG_WARN_DOCUMENTATION_COMMENTS = YES;
				CLANG_WARN_EMPTY_BODY = YES;
				CLANG_WARN_ENUM_CONVERSION = YES;
				CLANG_WARN_INFINITE_RECURSION = YES;
				CLANG_WARN_INT_CONVERSION = YES;
				CLANG_WARN_NON_LITERAL_NULL_CONVERSION = YES;
				CLANG_WARN_OBJC_LITERAL_CONVERSION = YES;
				CLANG_WARN_OBJC_ROOT_CLASS = YES_ERROR;
				CLANG_WARN_RANGE_LOOP_ANALYSIS = YES;
				CLANG_WARN_STRICT_PROTOTYPES = YES;
				CLANG_WARN_SUSPICIOUS_MOVE = YES;
				CLANG_WARN_UNGUARDED_AVAILABILITY = YES_AGGRESSIVE;
				CLANG_WARN_UNREACHABLE_CODE = YES;
				CLANG_WARN__DUPLICATE_METHOD_MATCH = YES;
				CODE_SIGN_IDENTITY = "iPhone Developer";
				COPY_PHASE_STRIP = NO;
				DEBUG_INFORMATION_FORMAT = dwarf;
				ENABLE_STRICT_OBJC_MSGSEND = YES;
				ENABLE_TESTABILITY = YES;
				GCC_C_LANGUAGE_STANDARD = gnu11;
				GCC_DYNAMIC_NO_PIC = NO;
				GCC_NO_COMMON_BLOCKS = YES;
				GCC_OPTIMIZATION_LEVEL = 0;
				GCC_PREPROCESSOR_DEFINITIONS = (
					"DEBUG=1",
					"$(inherited)",
				);
				GCC_WARN_64_TO_32_BIT_CONVERSION = YES;
				GCC_WARN_ABOUT_RETURN_TYPE = YES_ERROR;
				GCC_WARN_UNDECLARED_SELECTOR = YES;
				GCC_WARN_UNINITIALIZED_AUTOS = YES_AGGRESSIVE;
				GCC_WARN_UNUSED_FUNCTION = YES;
				GCC_WARN_UNUSED_VARIABLE = YES;
				IPHONEOS_DEPLOYMENT_TARGET = 11.1;
				MTL_ENABLE_DEBUG_INFO = YES;
				ONLY_ACTIVE_ARCH = YES;
				SDKROOT = iphoneos;
				SWIFT_ACTIVE_COMPILATION_CONDITIONS = DEBUG;
				SWIFT_OPTIMIZATION_LEVEL = "-Onone";
			};
			name = Debug;
		};
		3074725F1FB7194000EF91A6 /* Release */ = {
			isa = XCBuildConfiguration;
			buildSettings = {
				ALWAYS_SEARCH_USER_PATHS = NO;
				CLANG_ANALYZER_NONNULL = YES;
				CLANG_ANALYZER_NUMBER_OBJECT_CONVERSION = YES_AGGRESSIVE;
				CLANG_CXX_LANGUAGE_STANDARD = "gnu++14";
				CLANG_CXX_LIBRARY = "libc++";
				CLANG_ENABLE_MODULES = YES;
				CLANG_ENABLE_OBJC_ARC = YES;
				CLANG_WARN_BLOCK_CAPTURE_AUTORELEASING = YES;
				CLANG_WARN_BOOL_CONVERSION = YES;
				CLANG_WARN_COMMA = YES;
				CLANG_WARN_CONSTANT_CONVERSION = YES;
				CLANG_WARN_DIRECT_OBJC_ISA_USAGE = YES_ERROR;
				CLANG_WARN_DOCUMENTATION_COMMENTS = YES;
				CLANG_WARN_EMPTY_BODY = YES;
				CLANG_WARN_ENUM_CONVERSION = YES;
				CLANG_WARN_INFINITE_RECURSION = YES;
				CLANG_WARN_INT_CONVERSION = YES;
				CLANG_WARN_NON_LITERAL_NULL_CONVERSION = YES;
				CLANG_WARN_OBJC_LITERAL_CONVERSION = YES;
				CLANG_WARN_OBJC_ROOT_CLASS = YES_ERROR;
				CLANG_WARN_RANGE_LOOP_ANALYSIS = YES;
				CLANG_WARN_STRICT_PROTOTYPES = YES;
				CLANG_WARN_SUSPICIOUS_MOVE = YES;
				CLANG_WARN_UNGUARDED_AVAILABILITY = YES_AGGRESSIVE;
				CLANG_WARN_UNREACHABLE_CODE = YES;
				CLANG_WARN__DUPLICATE_METHOD_MATCH = YES;
				CODE_SIGN_IDENTITY = "iPhone Developer";
				COPY_PHASE_STRIP = NO;
				DEBUG_INFORMATION_FORMAT = "dwarf-with-dsym";
				ENABLE_NS_ASSERTIONS = NO;
				ENABLE_STRICT_OBJC_MSGSEND = YES;
				GCC_C_LANGUAGE_STANDARD = gnu11;
				GCC_NO_COMMON_BLOCKS = YES;
				GCC_WARN_64_TO_32_BIT_CONVERSION = YES;
				GCC_WARN_ABOUT_RETURN_TYPE = YES_ERROR;
				GCC_WARN_UNDECLARED_SELECTOR = YES;
				GCC_WARN_UNINITIALIZED_AUTOS = YES_AGGRESSIVE;
				GCC_WARN_UNUSED_FUNCTION = YES;
				GCC_WARN_UNUSED_VARIABLE = YES;
				IPHONEOS_DEPLOYMENT_TARGET = 11.1;
				MTL_ENABLE_DEBUG_INFO = NO;
				SDKROOT = iphoneos;
				SWIFT_OPTIMIZATION_LEVEL = "-Owholemodule";
				VALIDATE_PRODUCT = YES;
			};
			name = Release;
		};
		307472611FB7194000EF91A6 /* Debug */ = {
			isa = XCBuildConfiguration;
			buildSettings = {
				ASSETCATALOG_COMPILER_APPICON_NAME = AppIcon;
				ASSETCATALOG_COMPILER_LAUNCHIMAGE_NAME = "LaunchImage-2";
				CODE_SIGN_STYLE = Automatic;
				DEVELOPMENT_TEAM = 8TWS8D7QH8;
				INFOPLIST_FILE = "Galaxy Destroyer/Info.plist";
				IPHONEOS_DEPLOYMENT_TARGET = 11.0;
				LD_RUNPATH_SEARCH_PATHS = "$(inherited) @executable_path/Frameworks";
				PRODUCT_BUNDLE_IDENTIFIER = "GoiOS-4.Galaxy-Destroyer.v1";
				PRODUCT_NAME = "$(TARGET_NAME)";
				SWIFT_VERSION = 4.0;
				TARGETED_DEVICE_FAMILY = "1,2";
			};
			name = Debug;
		};
		307472621FB7194000EF91A6 /* Release */ = {
			isa = XCBuildConfiguration;
			buildSettings = {
				ASSETCATALOG_COMPILER_APPICON_NAME = AppIcon;
				ASSETCATALOG_COMPILER_LAUNCHIMAGE_NAME = "LaunchImage-2";
				CODE_SIGN_STYLE = Automatic;
				DEVELOPMENT_TEAM = 8TWS8D7QH8;
				INFOPLIST_FILE = "Galaxy Destroyer/Info.plist";
				IPHONEOS_DEPLOYMENT_TARGET = 11.0;
				LD_RUNPATH_SEARCH_PATHS = "$(inherited) @executable_path/Frameworks";
				PRODUCT_BUNDLE_IDENTIFIER = "GoiOS-4.Galaxy-Destroyer.v1";
				PRODUCT_NAME = "$(TARGET_NAME)";
				SWIFT_VERSION = 4.0;
				TARGETED_DEVICE_FAMILY = "1,2";
			};
			name = Release;
		};
/* End XCBuildConfiguration section */

/* Begin XCConfigurationList section */
		307472431FB7194000EF91A6 /* Build configuration list for PBXProject "Galaxy Destroyer" */ = {
			isa = XCConfigurationList;
			buildConfigurations = (
				3074725E1FB7194000EF91A6 /* Debug */,
				3074725F1FB7194000EF91A6 /* Release */,
			);
			defaultConfigurationIsVisible = 0;
			defaultConfigurationName = Release;
		};
		307472601FB7194000EF91A6 /* Build configuration list for PBXNativeTarget "Galaxy Destroyer" */ = {
			isa = XCConfigurationList;
			buildConfigurations = (
				307472611FB7194000EF91A6 /* Debug */,
				307472621FB7194000EF91A6 /* Release */,
			);
			defaultConfigurationIsVisible = 0;
			defaultConfigurationName = Release;
		};
/* End XCConfigurationList section */
	};
	rootObject = 307472401FB7194000EF91A6 /* Project object */;
}
